
Microsoft Visual Studio Solution File, Format Version 12.00
# Visual Studio Version 17
VisualStudioVersion = 17.14.36811.4 d17.14
MinimumVisualStudioVersion = 10.0.40219.1
Project("{FAE04EC0-301F-11D3-BF4B-00C04F79EFBC}") = "EImzoMVC", "EImzoMVC.csproj", "{D107497B-E34C-47C8-98D3-09F7791CF363}"
EndProject
Global
	GlobalSection(SolutionConfigurationPlatforms) = preSolution
		Debug|Any CPU = Debug|Any CPU
		Release|Any CPU = Release|Any CPU
	EndGlobalSection
	GlobalSection(ProjectConfigurationPlatforms) = postSolution
		{D107497B-E34C-47C8-98D3-09F7791CF363}.Debug|Any CPU.ActiveCfg = Debug|Any CPU
		{D107497B-E34C-47C8-98D3-09F7791CF363}.Debug|Any CPU.Build.0 = Debug|Any CPU
		{D107497B-E34C-47C8-98D3-09F7791CF363}.Release|Any CPU.ActiveCfg = Release|Any CPU
		{D107497B-E34C-47C8-98D3-09F7791CF363}.Release|Any CPU.Build.0 = Release|Any CPU
	EndGlobalSection
	GlobalSection(SolutionProperties) = preSolution
		HideSolutionNode = FALSE
	EndGlobalSection
	GlobalSection(ExtensibilityGlobals) = postSolution
		SolutionGuid = {A52551F4-BA87-4759-B4D5-9F4DD45133E0}
	EndGlobalSection
EndGlobal
